{
  "name": "m2i-stopwatch-pwa",
  "version": "0.1.0",
  "lockfileVersion": 3,
  "requires": true,
  "packages": {
    "": {
      "name": "m2i-stopwatch-pwa",
      "version": "0.1.0",
      "dependencies": {
        "@noble/ciphers": "file:/Users/lieschen/Projects/move2improve/node_modules/@noble/ciphers",
        "@noble/curves": "file:/Users/lieschen/Projects/move2improve/node_modules/@noble/curves",
        "@noble/hashes": "file:/Users/lieschen/Projects/move2improve/node_modules/@noble/hashes",
        "@scure/base": "file:/Users/lieschen/Projects/move2improve/node_modules/@scure/base",
        "@scure/bip32": "file:/Users/lieschen/Projects/move2improve/node_modules/@scure/bip32",
        "@scure/bip39": "file:/Users/lieschen/Projects/move2improve/node_modules/@scure/bip39",
        "nostr-tools": "file:/Users/lieschen/Projects/move2improve/node_modules/nostr-tools",
        "nostr-wasm": "file:/Users/lieschen/Projects/move2improve/node_modules/nostr-wasm"
      }
    },
    "../move2improve/node_modules/@noble/ciphers": {
      "version": "2.1.1",
      "license": "MIT",
      "devDependencies": {
        "@paulmillr/jsbt": "0.4.5",
        "@scure/base": "2.0.0",
        "@types/node": "24.2.1",
        "fast-check": "4.2.0",
        "prettier": "3.6.2",
        "typescript": "5.9.2"
      },
      "engines": {
        "node": ">= 20.19.0"
      },
      "funding": {
        "url": "https://paulmillr.com/funding/"
      }
    },
    "../move2improve/node_modules/@noble/curves": {
      "version": "2.0.1",
      "license": "MIT",
      "dependencies": {
        "@noble/hashes": "2.0.1"
      },
      "devDependencies": {
        "@paulmillr/jsbt": "0.4.4",
        "@types/node": "24.2.1",
        "fast-check": "4.2.0",
        "prettier": "3.6.2",
        "typescript": "5.9.2"
      },
      "engines": {
        "node": ">= 20.19.0"
      },
      "funding": {
        "url": "https://paulmillr.com/funding/"
      }
    },
    "../move2improve/node_modules/@noble/hashes": {
      "version": "2.0.1",
      "license": "MIT",
      "devDependencies": {
        "@paulmillr/jsbt": "0.4.4",
        "@types/node": "24.2.1",
        "fast-check": "4.2.0",
        "prettier": "3.6.2",
        "typescript": "5.9.2"
      },
      "engines": {
        "node": ">= 20.19.0"
      },
      "funding": {
        "url": "https://paulmillr.com/funding/"
      }
    },
    "../move2improve/node_modules/@scure/base": {
      "version": "2.0.0",
      "license": "MIT",
      "devDependencies": {
        "@noble/hashes": "2.0.0",
        "@paulmillr/jsbt": "0.4.4",
        "@types/node": "24.2.1",
        "fast-check": "4.2.0",
        "prettier": "3.6.2",
        "typescript": "5.9.2"
      },
      "funding": {
        "url": "https://paulmillr.com/funding/"
      }
    },
    "../move2improve/node_modules/@scure/bip32": {
      "version": "2.0.1",
      "license": "MIT",
      "dependencies": {
        "@noble/curves": "2.0.1",
        "@noble/hashes": "2.0.1",
        "@scure/base": "2.0.0"
      },
      "devDependencies": {
        "@paulmillr/jsbt": "0.4.4",
        "prettier": "3.6.2",
        "typescript": "5.9.2"
      },
      "funding": {
        "url": "https://paulmillr.com/funding/"
      }
    },
    "../move2improve/node_modules/@scure/bip39": {
      "version": "2.0.1",
      "license": "MIT",
      "dependencies": {
        "@noble/hashes": "2.0.1",
        "@scure/base": "2.0.0"
      },
      "devDependencies": {
        "@paulmillr/jsbt": "0.4.4",
        "prettier": "3.6.2",
        "typescript": "5.9.2"
      },
      "funding": {
        "url": "https://paulmillr.com/funding/"
      }
    },
    "../move2improve/node_modules/nostr-tools": {
      "version": "2.23.3",
      "license": "Unlicense",
      "dependencies": {
        "@noble/ciphers": "2.1.1",
        "@noble/curves": "2.0.1",
        "@noble/hashes": "2.0.1",
        "@scure/base": "2.0.0",
        "@scure/bip32": "2.0.1",
        "@scure/bip39": "2.0.1",
        "nostr-wasm": "0.1.0"
      },
      "devDependencies": {
        "@types/node": "^18.13.0",
        "@types/node-fetch": "^2.6.3",
        "@typescript-eslint/eslint-plugin": "^6.5.0",
        "@typescript-eslint/parser": "^6.5.0",
        "bun-types": "^1.0.18",
        "esbuild": "0.16.9",
        "eslint": "^8.56.0",
        "eslint-config-prettier": "^9.0.0",
        "events": "^3.3.0",
        "mitata": "^0.1.6",
        "mock-socket": "^9.3.1",
        "node-fetch": "^2.6.9",
        "prettier": "^3.0.3",
        "typescript": "^5.8.2"
      },
      "peerDependencies": {
        "typescript": ">=5.0.0"
      },
      "peerDependenciesMeta": {
        "typescript": {
          "optional": true
        }
      }
    },
    "../move2improve/node_modules/nostr-wasm": {
      "version": "0.1.0",
      "license": "MIT",
      "devDependencies": {
        "@blake.regalia/tsconfig": "^0.1.2",
        "@rollup/plugin-typescript": "^11.1.5",
        "@rollup/plugin-wasm": "^6.2.2",
        "@rollup/pluginutils": "^5.0.5",
        "@types/node": "^20.8.10",
        "@types/web": "^0.0.119",
        "@typescript-eslint/eslint-plugin": "^6.13.2",
        "@typescript-eslint/parser": "^6.13.2",
        "acorn": "^8.11.2",
        "eslint": "^8.52.0",
        "eslint-plugin-unused-imports": "^3.0.0",
        "rollup": "^4.2.0",
        "typescript": "^5.2.2"
      }
    },
    "node_modules/@noble/ciphers": {
      "resolved": "../move2improve/node_modules/@noble/ciphers",
      "link": true
    },
    "node_modules/@noble/curves": {
      "resolved": "../move2improve/node_modules/@noble/curves",
      "link": true
    },
    "node_modules/@noble/hashes": {
      "resolved": "../move2improve/node_modules/@noble/hashes",
      "link": true
    },
    "node_modules/@scure/base": {
      "resolved": "../move2improve/node_modules/@scure/base",
      "link": true
    },
    "node_modules/@scure/bip32": {
      "resolved": "../move2improve/node_modules/@scure/bip32",
      "link": true
    },
    "node_modules/@scure/bip39": {
      "resolved": "../move2improve/node_modules/@scure/bip39",
      "link": true
    },
    "node_modules/nostr-tools": {
      "resolved": "../move2improve/node_modules/nostr-tools",
      "link": true
    },
    "node_modules/nostr-wasm": {
      "resolved": "../move2improve/node_modules/nostr-wasm",
      "link": true
    }
  }
}
